{
  "nodes": {
    "crane": {
      "locked": {
        "lastModified": 1725409566,
        "narHash": "sha256-PrtLmqhM6UtJP7v7IGyzjBFhbG4eOAHT6LPYOFmYfbk=",
        "owner": "ipetkov",
        "repo": "crane",
        "rev": "7e4586bad4e3f8f97a9271def747cf58c4b68f3c",
        "type": "github"
      },
      "original": {
        "owner": "ipetkov",
        "repo": "crane",
        "type": "github"
      }
    },
    "flake-parts": {
      "inputs": {
        "nixpkgs-lib": "nixpkgs-lib"
      },
      "locked": {
        "lastModified": 1726153070,
        "narHash": "sha256-HO4zgY0ekfwO5bX0QH/3kJ/h4KvUDFZg8YpkNwIbg1U=",
        "owner": "hercules-ci",
        "repo": "flake-parts",
        "rev": "bcef6817a8b2aa20a5a6dbb19b43e63c5bf8619a",
        "type": "github"
      },
      "original": {
        "owner": "hercules-ci",
        "repo": "flake-parts",
        "type": "github"
      }
    },
    "hc-launch": {
      "flake": false,
      "locked": {
        "lastModified": 1734474851,
        "narHash": "sha256-OtXwvb97Qt+xh/K4+voy60kMnpPZvEoqoe2Bgkn+Nro=",
        "owner": "holochain",
        "repo": "hc-launch",
        "rev": "ca598033225d8ee3df7911c1cbde6004182e84eb",
        "type": "github"
      },
      "original": {
        "owner": "holochain",
        "ref": "holochain-0.4",
        "repo": "hc-launch",
        "type": "github"
      }
    },
    "hc-scaffold": {
      "flake": false,
      "locked": {
        "lastModified": 1739472373,
        "narHash": "sha256-GetrzMibK/bGPwuj3edooEd38DS9aNqPnhCk0DeJVvo=",
        "owner": "holochain",
        "repo": "scaffolding",
        "rev": "e51aff14dc066c0c87dc8c21dd6ca6b525a011f7",
        "type": "github"
      },
      "original": {
        "owner": "holochain",
        "ref": "holochain-0.4",
        "repo": "scaffolding",
        "type": "github"
      }
    },
    "holochain": {
      "flake": false,
      "locked": {
        "lastModified": 1738154781,
        "narHash": "sha256-s011Xzuw4quBGRcv3mSynap4qEyNlKf9reyxYhDW6r8=",
        "owner": "holochain",
        "repo": "holochain",
        "rev": "a5816b0072a5a1b8c2f8ef215d81728c3d842b1f",
        "type": "github"
      },
      "original": {
        "owner": "holochain",
        "ref": "holochain-0.4.1",
        "repo": "holochain",
        "type": "github"
      }
    },
    "holonix": {
      "inputs": {
        "crane": "crane",
        "flake-parts": "flake-parts",
        "hc-launch": "hc-launch",
        "hc-scaffold": "hc-scaffold",
        "holochain": "holochain",
        "lair-keystore": "lair-keystore",
        "nixpkgs": "nixpkgs",
        "rust-overlay": "rust-overlay"
      },
      "locked": {
        "lastModified": 1739530473,
        "narHash": "sha256-ZqWodqoNykg/Fv+XuxJ9UkD0daf7s8OseW/e+X+R4Sk=",
        "owner": "holochain",
        "repo": "holonix",
        "rev": "2572473e1ce1e159af9434e93950bcd9dfb32d29",
        "type": "github"
      },
      "original": {
        "owner": "holochain",
        "ref": "main-0.4",
        "repo": "holonix",
        "type": "github"
      }
    },
    "lair-keystore": {
      "flake": false,
      "locked": {
        "lastModified": 1732721902,
        "narHash": "sha256-D8sXIpOptaXib5bc6zS7KsGzu4D08jaL8Fx1W/mlADE=",
        "owner": "holochain",
        "repo": "lair",
        "rev": "e82937521ae9b7bdb30c8b0736c13cd4220a0223",
        "type": "github"
      },
      "original": {
        "owner": "holochain",
        "ref": "lair_keystore-v0.5.3",
        "repo": "lair",
        "type": "github"
      }
    },
    "nixpkgs": {
      "locked": {
        "lastModified": 1740339700,
        "narHash": "sha256-cbrw7EgQhcdFnu6iS3vane53bEagZQy/xyIkDWpCgVE=",
        "owner": "nixos",
        "repo": "nixpkgs",
        "rev": "04ef94c4c1582fd485bbfdb8c4a8ba250e359195",
        "type": "github"
      },
      "original": {
        "owner": "nixos",
        "ref": "nixos-24.11",
        "repo": "nixpkgs",
        "type": "github"
      }
    },
    "nixpkgs-lib": {
      "locked": {
        "lastModified": 1725233747,
        "narHash": "sha256-Ss8QWLXdr2JCBPcYChJhz4xJm+h/xjl4G0c0XlP6a74=",
        "type": "tarball",
        "url": "https://github.com/NixOS/nixpkgs/archive/356624c12086a18f2ea2825fed34523d60ccc4e3.tar.gz"
      },
      "original": {
        "type": "tarball",
        "url": "https://github.com/NixOS/nixpkgs/archive/356624c12086a18f2ea2825fed34523d60ccc4e3.tar.gz"
      }
    },
    "root": {
      "inputs": {
        "flake-parts": [
          "holonix",
          "flake-parts"
        ],
        "holonix": "holonix",
        "nixpkgs": [
          "holonix",
          "nixpkgs"
        ]
      }
    },
    "rust-overlay": {
      "inputs": {
        "nixpkgs": [
          "holonix",
          "nixpkgs"
        ]
      },
      "locked": {
        "lastModified": 1726453838,
        "narHash": "sha256-pupsow4L79SBfNwT6vh/5RAbVZuhngIA0RTCZksXmZY=",
        "owner": "oxalica",
        "repo": "rust-overlay",
        "rev": "ca2e79cd22625d214b8437c2c4080ce79bd9f7d2",
        "type": "github"
      },
      "original": {
        "owner": "oxalica",
        "repo": "rust-overlay",
        "type": "github"
      }
    }
  },
  "root": "root",
  "version": 7
}
